{
  "nodes": {
    "flake-utils": {
      "inputs": {
        "systems": "systems"
      },
      "locked": {
        "lastModified": 1731533236,
        "narHash": "sha256-l0KFg5HjrsfsO/JpG+r7fRrqm12kzFHyUHqHCVpMMbI=",
        "owner": "numtide",
        "repo": "flake-utils",
        "rev": "11707dc2f618dd54ca8739b309ec4fc024de578b",
        "type": "github"
      },
      "original": {
        "owner": "numtide",
        "repo": "flake-utils",
        "type": "github"
      }
    },
    "nixpkgs": {
      "locked": {
        "lastModified": 1742388435,
        "narHash": "sha256-GheQGRNYAhHsvPxWVOhAmg9lZKkis22UPbEHlmZMthg=",
        "owner": "NixOS",
        "repo": "nixpkgs",
        "rev": "b75693fb46bfaf09e662d09ec076c5a162efa9f6",
        "type": "github"
      },
      "original": {
        "owner": "NixOS",
        "ref": "nixos-24.11",
        "repo": "nixpkgs",
        "type": "github"
      }
    },
    "plugin-actions-preview": {
      "flake": false,
      "locked": {
        "lastModified": 1740589350,
        "narHash": "sha256-MP1hohDL2JFembwW+cb2S+v2Y7j0iZw1jPPKTZiNCWI=",
        "owner": "aznhe21",
        "repo": "actions-preview.nvim",
        "rev": "4ab7842eb6a5b6d2b004f8234dcf33382a0fdde2",
        "type": "github"
      },
      "original": {
        "owner": "aznhe21",
        "repo": "actions-preview.nvim",
        "type": "github"
      }
    },
    "plugin-go": {
      "flake": false,
      "locked": {
        "lastModified": 1742292082,
        "narHash": "sha256-Ox88XbtBQszWD9Yv0n3L1dj7ek5tjpETKJhyv352Sec=",
        "owner": "ray-x",
        "repo": "go.nvim",
        "rev": "f058a8c622edf24d27b8ef82fabffdbbc1d55707",
        "type": "github"
      },
      "original": {
        "owner": "ray-x",
        "repo": "go.nvim",
        "type": "github"
      }
    },
    "plugin-gruvbox": {
      "flake": false,
      "locked": {
        "lastModified": 1741204706,
        "narHash": "sha256-GMOHybVeWUbflEz1xCelfGGMWmlaFu4qZuoP3S7r2Zo=",
        "owner": "ellisonleao",
        "repo": "gruvbox.nvim",
        "rev": "15958f5ee43e144856cd2084ce6c571bfdb44504",
        "type": "github"
      },
      "original": {
        "owner": "ellisonleao",
        "repo": "gruvbox.nvim",
        "type": "github"
      }
    },
    "plugin-guihua": {
      "flake": false,
      "locked": {
        "lastModified": 1730516234,
        "narHash": "sha256-XpUsbj1boDfbyE8C6SdOvZdkd97682VVC81fvQ5WA/4=",
        "owner": "ray-x",
        "repo": "guihua.lua",
        "rev": "d783191eaa75215beae0c80319fcce5e6b3beeda",
        "type": "github"
      },
      "original": {
        "owner": "ray-x",
        "repo": "guihua.lua",
        "type": "github"
      }
    },
    "plugin-instant": {
      "flake": false,
      "locked": {
        "lastModified": 1656191307,
        "narHash": "sha256-DXJWji/NR8ZCxe014rD51v3EHJHMhRQeOoI3SsY8mR4=",
        "owner": "jbyuki",
        "repo": "instant.nvim",
        "rev": "294b6d08143b3db8f9db7f606829270149e1a786",
        "type": "github"
      },
      "original": {
        "owner": "jbyuki",
        "repo": "instant.nvim",
        "type": "github"
      }
    },
    "plugin-nice-reference": {
      "flake": false,
      "locked": {
        "lastModified": 1669050676,
        "narHash": "sha256-/CIiPNORsP2yPhcdX40sd9rZeOUDSN6XAiWdm2R1aYk=",
        "owner": "wiliamks",
        "repo": "nice-reference.nvim",
        "rev": "9a579f5cd78123ec1884db953c0835c61ec2e2c4",
        "type": "github"
      },
      "original": {
        "owner": "wiliamks",
        "repo": "nice-reference.nvim",
        "type": "github"
      }
    },
    "plugin-render-markdown": {
      "flake": false,
      "locked": {
        "lastModified": 1742448480,
        "narHash": "sha256-GQJJHH8P7hNhXUswD+OsoOie1RH0P10ESLUNcsjxSe8=",
        "owner": "MeanderingProgrammer",
        "repo": "render-markdown.nvim",
        "rev": "62d6681332365cfddbe916c888752834d9f7ad0c",
        "type": "github"
      },
      "original": {
        "owner": "MeanderingProgrammer",
        "repo": "render-markdown.nvim",
        "type": "github"
      }
    },
    "root": {
      "inputs": {
        "flake-utils": "flake-utils",
        "nixpkgs": "nixpkgs",
        "plugin-actions-preview": "plugin-actions-preview",
        "plugin-go": "plugin-go",
        "plugin-gruvbox": "plugin-gruvbox",
        "plugin-guihua": "plugin-guihua",
        "plugin-instant": "plugin-instant",
        "plugin-nice-reference": "plugin-nice-reference",
        "plugin-render-markdown": "plugin-render-markdown",
        "unstable-nixpkgs": "unstable-nixpkgs"
      }
    },
    "systems": {
      "locked": {
        "lastModified": 1681028828,
        "narHash": "sha256-Vy1rq5AaRuLzOxct8nz4T6wlgyUR7zLU309k9mBC768=",
        "owner": "nix-systems",
        "repo": "default",
        "rev": "da67096a3b9bf56a91d16901293e51ba5b49a27e",
        "type": "github"
      },
      "original": {
        "owner": "nix-systems",
        "repo": "default",
        "type": "github"
      }
    },
    "unstable-nixpkgs": {
      "locked": {
        "lastModified": 1742422364,
        "narHash": "sha256-mNqIplmEohk5jRkqYqG19GA8MbQ/D4gQSK0Mu4LvfRQ=",
        "owner": "NixOS",
        "repo": "nixpkgs",
        "rev": "a84ebe20c6bc2ecbcfb000a50776219f48d134cc",
        "type": "github"
      },
      "original": {
        "owner": "NixOS",
        "ref": "nixos-unstable",
        "repo": "nixpkgs",
        "type": "github"
      }
    }
  },
  "root": "root",
  "version": 7
}
