{
  "nodes": {
    "flake-utils": {
      "inputs": {
        "systems": "systems"
      },
      "locked": {
        "lastModified": 1731533236,
        "narHash": "sha256-l0KFg5HjrsfsO/JpG+r7fRrqm12kzFHyUHqHCVpMMbI=",
        "owner": "numtide",
        "repo": "flake-utils",
        "rev": "11707dc2f618dd54ca8739b309ec4fc024de578b",
        "type": "github"
      },
      "original": {
        "owner": "numtide",
        "repo": "flake-utils",
        "type": "github"
      }
    },
    "nixpkgs": {
      "locked": {
        "lastModified": 1747327360,
        "narHash": "sha256-LSmTbiq/nqZR9B2t4MRnWG7cb0KVNU70dB7RT4+wYK4=",
        "owner": "NixOS",
        "repo": "nixpkgs",
        "rev": "e06158e58f3adee28b139e9c2bcfcc41f8625b46",
        "type": "github"
      },
      "original": {
        "owner": "NixOS",
        "ref": "nixos-unstable",
        "repo": "nixpkgs",
        "type": "github"
      }
    },
    "plugin-actions-preview": {
      "flake": false,
      "locked": {
        "lastModified": 1745779150,
        "narHash": "sha256-rQjwlu5gQcOvxF72lr9ugPRl0W78wCWGWPhpN1oOMbs=",
        "owner": "aznhe21",
        "repo": "actions-preview.nvim",
        "rev": "36513ad213855d497b7dd3391a24d1d75d58e36f",
        "type": "github"
      },
      "original": {
        "owner": "aznhe21",
        "repo": "actions-preview.nvim",
        "type": "github"
      }
    },
    "plugin-go": {
      "flake": false,
      "locked": {
        "lastModified": 1747408326,
        "narHash": "sha256-3omXQfaTPmcUKu1Ti//n+CMgwmazho5EvQVdNURAEpw=",
        "owner": "ray-x",
        "repo": "go.nvim",
        "rev": "844b66b397edcbac8f941129eb4a57472a582a52",
        "type": "github"
      },
      "original": {
        "owner": "ray-x",
        "repo": "go.nvim",
        "type": "github"
      }
    },
    "plugin-guihua": {
      "flake": false,
      "locked": {
        "lastModified": 1745113782,
        "narHash": "sha256-34BvyXHCk82g3lS1WPIxitIdP/f99JPcmXDgRdvb8cw=",
        "owner": "ray-x",
        "repo": "guihua.lua",
        "rev": "0cc9631914ffcbe3e474e809c610d12a75b660cf",
        "type": "github"
      },
      "original": {
        "owner": "ray-x",
        "repo": "guihua.lua",
        "type": "github"
      }
    },
    "plugin-nice-reference": {
      "flake": false,
      "locked": {
        "lastModified": 1745424015,
        "narHash": "sha256-mONyeD/5mAWU/PIvK94Jsobn3SujzZ5NOUjjsj0hzEU=",
        "owner": "wiliamks",
        "repo": "nice-reference.nvim",
        "rev": "1237fd91b4b33d2dd1f3f74eddfee257c18d4981",
        "type": "github"
      },
      "original": {
        "owner": "wiliamks",
        "repo": "nice-reference.nvim",
        "type": "github"
      }
    },
    "plugin-render-markdown": {
      "flake": false,
      "locked": {
        "lastModified": 1747079738,
        "narHash": "sha256-eXg2f74+RVer7ZHBHAvh31rjjGqgOZqt+TtnYx+ZZXc=",
        "owner": "MeanderingProgrammer",
        "repo": "render-markdown.nvim",
        "rev": "a1b0988f5ab26698afb56b9c2f0525a4de1195c1",
        "type": "github"
      },
      "original": {
        "owner": "MeanderingProgrammer",
        "repo": "render-markdown.nvim",
        "type": "github"
      }
    },
    "root": {
      "inputs": {
        "flake-utils": "flake-utils",
        "nixpkgs": "nixpkgs",
        "plugin-actions-preview": "plugin-actions-preview",
        "plugin-go": "plugin-go",
        "plugin-guihua": "plugin-guihua",
        "plugin-nice-reference": "plugin-nice-reference",
        "plugin-render-markdown": "plugin-render-markdown",
        "stable-nixpkgs": "stable-nixpkgs"
      }
    },
    "stable-nixpkgs": {
      "locked": {
        "lastModified": 1747327360,
        "narHash": "sha256-LSmTbiq/nqZR9B2t4MRnWG7cb0KVNU70dB7RT4+wYK4=",
        "owner": "NixOS",
        "repo": "nixpkgs",
        "rev": "e06158e58f3adee28b139e9c2bcfcc41f8625b46",
        "type": "github"
      },
      "original": {
        "owner": "NixOS",
        "ref": "nixos-unstable",
        "repo": "nixpkgs",
        "type": "github"
      }
    },
    "systems": {
      "locked": {
        "lastModified": 1681028828,
        "narHash": "sha256-Vy1rq5AaRuLzOxct8nz4T6wlgyUR7zLU309k9mBC768=",
        "owner": "nix-systems",
        "repo": "default",
        "rev": "da67096a3b9bf56a91d16901293e51ba5b49a27e",
        "type": "github"
      },
      "original": {
        "owner": "nix-systems",
        "repo": "default",
        "type": "github"
      }
    }
  },
  "root": "root",
  "version": 7
}
